dependencies:
- name: kube-state-metrics
  repository: file://../kube-state-metrics
  version: 0.14.1
- name: prometheus-node-exporter
  repository: file://../prometheus-node-exporter
  version: 1.3.0
- name: grafana
  repository: file://../grafana
  version: 2.3.0
digest: sha256:298527ee2ca4f2307074dd2e168aca3f0ffb33d55dddc43618983effa5c6ee2a
generated: 2019-02-26T22:42:50.937261+01:00
